
Microsoft Visual Studio Solution File, Format Version 12.00
# Visual Studio Version 17
VisualStudioVersion = 17.9.34622.214
MinimumVisualStudioVersion = 10.0.40219.1
Project("{FAE04EC0-301F-11D3-BF4B-00C04F79EFBC}") = "TrabalhoDV", "TrabalhoDV\TrabalhoDV.csproj", "{FA4798F7-958E-4755-AADE-C6DE23A26639}"
EndProject
Global
	GlobalSection(SolutionConfigurationPlatforms) = preSolution
		Debug|Any CPU = Debug|Any CPU
		Release|Any CPU = Release|Any CPU
	EndGlobalSection
	GlobalSection(ProjectConfigurationPlatforms) = postSolution
		{FA4798F7-958E-4755-AADE-C6DE23A26639}.Debug|Any CPU.ActiveCfg = Debug|Any CPU
		{FA4798F7-958E-4755-AADE-C6DE23A26639}.Debug|Any CPU.Build.0 = Debug|Any CPU
		{FA4798F7-958E-4755-AADE-C6DE23A26639}.Release|Any CPU.ActiveCfg = Release|Any CPU
		{FA4798F7-958E-4755-AADE-C6DE23A26639}.Release|Any CPU.Build.0 = Release|Any CPU
	EndGlobalSection
	GlobalSection(SolutionProperties) = preSolution
		HideSolutionNode = FALSE
	EndGlobalSection
	GlobalSection(ExtensibilityGlobals) = postSolution
		SolutionGuid = {6D5C9BEA-EEAE-4916-8DBB-7E112BD426A8}
	EndGlobalSection
EndGlobal
